<?xml version="1.0"?>
<Project ToolsVersion="4.0" xmlns="http://schemas.microsoft.com/developer/msbuild/2003">
	<ItemGroup>
		<ClCompile Include="src\ofApp.cpp">
			<Filter>src</Filter>
		</ClCompile>
		<ClCompile Include="src\main.cpp">
			<Filter>src</Filter>
		</ClCompile>
		<ClCompile Include="src\main.cpp">
			<Filter>src</Filter>
		</ClCompile>
		<ClCompile Include="src\ofApp.cpp">
			<Filter>src</Filter>
		</ClCompile>
		<ClCompile Include="..\..\..\addons\ofxColourLoversHelper\src\ofxColourLoversHelper.cpp">
			<Filter>addons\ofxColourLoversHelper\src</Filter>
		</ClCompile>
		<ClCompile Include="..\..\..\addons\ofxColourLoversHelper\libs\ofxColourLovers\src\ColourLoveEvent.cpp">
			<Filter>addons\ofxColourLoversHelper\libs\ofxColourLovers\src</Filter>
		</ClCompile>
		<ClCompile Include="..\..\..\addons\ofxColourLoversHelper\libs\ofxColourLovers\src\ColourLovePalette.cpp">
			<Filter>addons\ofxColourLoversHelper\libs\ofxColourLovers\src</Filter>
		</ClCompile>
		<ClCompile Include="..\..\..\addons\ofxColourLoversHelper\libs\ofxColourLovers\src\ofxColourLovers.cpp">
			<Filter>addons\ofxColourLoversHelper\libs\ofxColourLovers\src</Filter>
		</ClCompile>
		<ClCompile Include="..\..\..\addons\ofxColourLoversHelper\libs\ofxHttpUtils\src\ofxHttpUtils.cpp">
			<Filter>addons\ofxColourLoversHelper\libs\ofxHttpUtils\src</Filter>
		</ClCompile>
		<ClCompile Include="..\..\..\addons\ofxColourLoversHelper\libs\ofxUI\src\ofxUI2DGraph.cpp">
			<Filter>addons\ofxColourLoversHelper\libs\ofxUI\src</Filter>
		</ClCompile>
		<ClCompile Include="..\..\..\addons\ofxColourLoversHelper\libs\ofxUI\src\ofxUI2DPad.cpp">
			<Filter>addons\ofxColourLoversHelper\libs\ofxUI\src</Filter>
		</ClCompile>
		<ClCompile Include="..\..\..\addons\ofxColourLoversHelper\libs\ofxUI\src\ofxUIBaseDraws.cpp">
			<Filter>addons\ofxColourLoversHelper\libs\ofxUI\src</Filter>
		</ClCompile>
		<ClCompile Include="..\..\..\addons\ofxColourLoversHelper\libs\ofxUI\src\ofxUIBiLabelSlider.cpp">
			<Filter>addons\ofxColourLoversHelper\libs\ofxUI\src</Filter>
		</ClCompile>
		<ClCompile Include="..\..\..\addons\ofxColourLoversHelper\libs\ofxUI\src\ofxUIButton.cpp">
			<Filter>addons\ofxColourLoversHelper\libs\ofxUI\src</Filter>
		</ClCompile>
		<ClCompile Include="..\..\..\addons\ofxColourLoversHelper\libs\ofxUI\src\ofxUICanvas.cpp">
			<Filter>addons\ofxColourLoversHelper\libs\ofxUI\src</Filter>
		</ClCompile>
		<ClCompile Include="..\..\..\addons\ofxColourLoversHelper\libs\ofxUI\src\ofxUICircleSlider.cpp">
			<Filter>addons\ofxColourLoversHelper\libs\ofxUI\src</Filter>
		</ClCompile>
		<ClCompile Include="..\..\..\addons\ofxColourLoversHelper\libs\ofxUI\src\ofxUIDragableLabelButton.cpp">
			<Filter>addons\ofxColourLoversHelper\libs\ofxUI\src</Filter>
		</ClCompile>
		<ClCompile Include="..\..\..\addons\ofxColourLoversHelper\libs\ofxUI\src\ofxUIDropDownList.cpp">
			<Filter>addons\ofxColourLoversHelper\libs\ofxUI\src</Filter>
		</ClCompile>
		<ClCompile Include="..\..\..\addons\ofxColourLoversHelper\libs\ofxUI\src\ofxUIEventArgs.cpp">
			<Filter>addons\ofxColourLoversHelper\libs\ofxUI\src</Filter>
		</ClCompile>
		<ClCompile Include="..\..\..\addons\ofxColourLoversHelper\libs\ofxUI\src\ofxUIFPS.cpp">
			<Filter>addons\ofxColourLoversHelper\libs\ofxUI\src</Filter>
		</ClCompile>
		<ClCompile Include="..\..\..\addons\ofxColourLoversHelper\libs\ofxUI\src\ofxUIFPSSlider.cpp">
			<Filter>addons\ofxColourLoversHelper\libs\ofxUI\src</Filter>
		</ClCompile>
		<ClCompile Include="..\..\..\addons\ofxColourLoversHelper\libs\ofxUI\src\ofxUIImage.cpp">
			<Filter>addons\ofxColourLoversHelper\libs\ofxUI\src</Filter>
		</ClCompile>
		<ClCompile Include="..\..\..\addons\ofxColourLoversHelper\libs\ofxUI\src\ofxUIImageButton.cpp">
			<Filter>addons\ofxColourLoversHelper\libs\ofxUI\src</Filter>
		</ClCompile>
		<ClCompile Include="..\..\..\addons\ofxColourLoversHelper\libs\ofxUI\src\ofxUIImageSampler.cpp">
			<Filter>addons\ofxColourLoversHelper\libs\ofxUI\src</Filter>
		</ClCompile>
		<ClCompile Include="..\..\..\addons\ofxColourLoversHelper\libs\ofxUI\src\ofxUIImageSlider.cpp">
			<Filter>addons\ofxColourLoversHelper\libs\ofxUI\src</Filter>
		</ClCompile>
		<ClCompile Include="..\..\..\addons\ofxColourLoversHelper\libs\ofxUI\src\ofxUIImageToggle.cpp">
			<Filter>addons\ofxColourLoversHelper\libs\ofxUI\src</Filter>
		</ClCompile>
		<ClCompile Include="..\..\..\addons\ofxColourLoversHelper\libs\ofxUI\src\ofxUILabel.cpp">
			<Filter>addons\ofxColourLoversHelper\libs\ofxUI\src</Filter>
		</ClCompile>
		<ClCompile Include="..\..\..\addons\ofxColourLoversHelper\libs\ofxUI\src\ofxUILabelButton.cpp">
			<Filter>addons\ofxColourLoversHelper\libs\ofxUI\src</Filter>
		</ClCompile>
		<ClCompile Include="..\..\..\addons\ofxColourLoversHelper\libs\ofxUI\src\ofxUILabelToggle.cpp">
			<Filter>addons\ofxColourLoversHelper\libs\ofxUI\src</Filter>
		</ClCompile>
		<ClCompile Include="..\..\..\addons\ofxColourLoversHelper\libs\ofxUI\src\ofxUIMinimalSlider.cpp">
			<Filter>addons\ofxColourLoversHelper\libs\ofxUI\src</Filter>
		</ClCompile>
		<ClCompile Include="..\..\..\addons\ofxColourLoversHelper\libs\ofxUI\src\ofxUIMovingGraph.cpp">
			<Filter>addons\ofxColourLoversHelper\libs\ofxUI\src</Filter>
		</ClCompile>
		<ClCompile Include="..\..\..\addons\ofxColourLoversHelper\libs\ofxUI\src\ofxUIMultiImageButton.cpp">
			<Filter>addons\ofxColourLoversHelper\libs\ofxUI\src</Filter>
		</ClCompile>
		<ClCompile Include="..\..\..\addons\ofxColourLoversHelper\libs\ofxUI\src\ofxUIMultiImageToggle.cpp">
			<Filter>addons\ofxColourLoversHelper\libs\ofxUI\src</Filter>
		</ClCompile>
		<ClCompile Include="..\..\..\addons\ofxColourLoversHelper\libs\ofxUI\src\ofxUINumberDialer.cpp">
			<Filter>addons\ofxColourLoversHelper\libs\ofxUI\src</Filter>
		</ClCompile>
		<ClCompile Include="..\..\..\addons\ofxColourLoversHelper\libs\ofxUI\src\ofxUIRadio.cpp">
			<Filter>addons\ofxColourLoversHelper\libs\ofxUI\src</Filter>
		</ClCompile>
		<ClCompile Include="..\..\..\addons\ofxColourLoversHelper\libs\ofxUI\src\ofxUIRangeSlider.cpp">
			<Filter>addons\ofxColourLoversHelper\libs\ofxUI\src</Filter>
		</ClCompile>
		<ClCompile Include="..\..\..\addons\ofxColourLoversHelper\libs\ofxUI\src\ofxUIRectangle.cpp">
			<Filter>addons\ofxColourLoversHelper\libs\ofxUI\src</Filter>
		</ClCompile>
		<ClCompile Include="..\..\..\addons\ofxColourLoversHelper\libs\ofxUI\src\ofxUIRotarySlider.cpp">
			<Filter>addons\ofxColourLoversHelper\libs\ofxUI\src</Filter>
		</ClCompile>
		<ClCompile Include="..\..\..\addons\ofxColourLoversHelper\libs\ofxUI\src\ofxUIScrollableCanvas.cpp">
			<Filter>addons\ofxColourLoversHelper\libs\ofxUI\src</Filter>
		</ClCompile>
		<ClCompile Include="..\..\..\addons\ofxColourLoversHelper\libs\ofxUI\src\ofxUISlider.cpp">
			<Filter>addons\ofxColourLoversHelper\libs\ofxUI\src</Filter>
		</ClCompile>
		<ClCompile Include="..\..\..\addons\ofxColourLoversHelper\libs\ofxUI\src\ofxUISortableList.cpp">
			<Filter>addons\ofxColourLoversHelper\libs\ofxUI\src</Filter>
		</ClCompile>
		<ClCompile Include="..\..\..\addons\ofxColourLoversHelper\libs\ofxUI\src\ofxUISpacer.cpp">
			<Filter>addons\ofxColourLoversHelper\libs\ofxUI\src</Filter>
		</ClCompile>
		<ClCompile Include="..\..\..\addons\ofxColourLoversHelper\libs\ofxUI\src\ofxUISpectrum.cpp">
			<Filter>addons\ofxColourLoversHelper\libs\ofxUI\src</Filter>
		</ClCompile>
		<ClCompile Include="..\..\..\addons\ofxColourLoversHelper\libs\ofxUI\src\ofxUISuperCanvas.cpp">
			<Filter>addons\ofxColourLoversHelper\libs\ofxUI\src</Filter>
		</ClCompile>
		<ClCompile Include="..\..\..\addons\ofxColourLoversHelper\libs\ofxUI\src\ofxUITabBar.cpp">
			<Filter>addons\ofxColourLoversHelper\libs\ofxUI\src</Filter>
		</ClCompile>
		<ClCompile Include="..\..\..\addons\ofxColourLoversHelper\libs\ofxUI\src\ofxUITextArea.cpp">
			<Filter>addons\ofxColourLoversHelper\libs\ofxUI\src</Filter>
		</ClCompile>
		<ClCompile Include="..\..\..\addons\ofxColourLoversHelper\libs\ofxUI\src\ofxUITextInput.cpp">
			<Filter>addons\ofxColourLoversHelper\libs\ofxUI\src</Filter>
		</ClCompile>
		<ClCompile Include="..\..\..\addons\ofxColourLoversHelper\libs\ofxUI\src\ofxUIToggle.cpp">
			<Filter>addons\ofxColourLoversHelper\libs\ofxUI\src</Filter>
		</ClCompile>
		<ClCompile Include="..\..\..\addons\ofxColourLoversHelper\libs\ofxUI\src\ofxUIToggleMatrix.cpp">
			<Filter>addons\ofxColourLoversHelper\libs\ofxUI\src</Filter>
		</ClCompile>
		<ClCompile Include="..\..\..\addons\ofxColourLoversHelper\libs\ofxUI\src\ofxUIValuePlotter.cpp">
			<Filter>addons\ofxColourLoversHelper\libs\ofxUI\src</Filter>
		</ClCompile>
		<ClCompile Include="..\..\..\addons\ofxColourLoversHelper\libs\ofxUI\src\ofxUIWaveform.cpp">
			<Filter>addons\ofxColourLoversHelper\libs\ofxUI\src</Filter>
		</ClCompile>
		<ClCompile Include="..\..\..\addons\ofxColourLoversHelper\libs\ofxUI\src\ofxUIWidget.cpp">
			<Filter>addons\ofxColourLoversHelper\libs\ofxUI\src</Filter>
		</ClCompile>
		<ClCompile Include="..\..\..\addons\ofxColourLoversHelper\libs\ofxUI\src\ofxUIWidgetWithLabel.cpp">
			<Filter>addons\ofxColourLoversHelper\libs\ofxUI\src</Filter>
		</ClCompile>
		<ClCompile Include="..\..\..\addons\ofxPoco\src\ofxXmlPoco.cpp">
			<Filter>addons\ofxPoco\src</Filter>
		</ClCompile>
		<ClCompile Include="..\..\..\addons\ofxXmlSettings\src\ofxXmlSettings.cpp">
			<Filter>addons\ofxXmlSettings\src</Filter>
		</ClCompile>
		<ClCompile Include="..\..\..\addons\ofxXmlSettings\libs\tinyxml.cpp">
			<Filter>addons\ofxXmlSettings\libs</Filter>
		</ClCompile>
		<ClCompile Include="..\..\..\addons\ofxXmlSettings\libs\tinyxmlerror.cpp">
			<Filter>addons\ofxXmlSettings\libs</Filter>
		</ClCompile>
		<ClCompile Include="..\..\..\addons\ofxXmlSettings\libs\tinyxmlparser.cpp">
			<Filter>addons\ofxXmlSettings\libs</Filter>
		</ClCompile>
	</ItemGroup>
	<ItemGroup>
		<Filter Include="src">
			<UniqueIdentifier>{d8376475-7454-4a24-b08a-aac121d3ad6f}</UniqueIdentifier>
		</Filter>
		<Filter Include="addons">
			<UniqueIdentifier>{71834F65-F3A9-211E-73B8-DC85}</UniqueIdentifier>
		</Filter>
		<Filter Include="addons\ofxColourLoversHelper">
			<UniqueIdentifier>{66EB589F-A783-FDF0-9320-A4AD}</UniqueIdentifier>
		</Filter>
		<Filter Include="addons\ofxColourLoversHelper\src">
			<UniqueIdentifier>{B5513A52-1D84-9994-3C7E-88E9}</UniqueIdentifier>
		</Filter>
		<Filter Include="addons\ofxColourLoversHelper\libs">
			<UniqueIdentifier>{814633FC-BF66-E01E-0375-CADC}</UniqueIdentifier>
		</Filter>
		<Filter Include="addons\ofxColourLoversHelper\libs\ofxColourLovers">
			<UniqueIdentifier>{24F62F69-8B01-E45D-9E5F-EF1F}</UniqueIdentifier>
		</Filter>
		<Filter Include="addons\ofxColourLoversHelper\libs\ofxColourLovers\src">
			<UniqueIdentifier>{03DCD209-4D1F-BDB8-73D9-524C}</UniqueIdentifier>
		</Filter>
		<Filter Include="addons\ofxColourLoversHelper\libs\ofxHttpUtils">
			<UniqueIdentifier>{EB03BCD2-6261-AA0C-2C42-B15D}</UniqueIdentifier>
		</Filter>
		<Filter Include="addons\ofxColourLoversHelper\libs\ofxHttpUtils\src">
			<UniqueIdentifier>{90596C99-583B-DDC4-9665-108D}</UniqueIdentifier>
		</Filter>
		<Filter Include="addons\ofxColourLoversHelper\libs\ofxUI">
			<UniqueIdentifier>{98A15ED2-D550-2C4B-B7C7-7180}</UniqueIdentifier>
		</Filter>
		<Filter Include="addons\ofxColourLoversHelper\libs\ofxUI\src">
			<UniqueIdentifier>{8D28A67E-BA29-9B28-6DED-C35E}</UniqueIdentifier>
		</Filter>
		<Filter Include="addons\ofxPoco">
			<UniqueIdentifier>{3256AE3E-9B29-EA27-C842-CE6B}</UniqueIdentifier>
		</Filter>
		<Filter Include="addons\ofxPoco\src">
			<UniqueIdentifier>{C7D4269D-D8A9-A7BB-531B-98DA}</UniqueIdentifier>
		</Filter>
		<Filter Include="addons\ofxPoco\libs">
			<UniqueIdentifier>{3E8A9E9C-2DA4-7391-777F-56C5}</UniqueIdentifier>
		</Filter>
		<Filter Include="addons\ofxPoco\libs\openssl">
			<UniqueIdentifier>{5947399C-92B2-BAE8-E58F-7024}</UniqueIdentifier>
		</Filter>
		<Filter Include="addons\ofxPoco\libs\openssl\include">
			<UniqueIdentifier>{D5DE9DB7-5574-8FBC-7336-5107}</UniqueIdentifier>
		</Filter>
		<Filter Include="addons\ofxPoco\libs\openssl\include\openssl">
			<UniqueIdentifier>{C648CDF7-0C1F-4D5B-2490-7010}</UniqueIdentifier>
		</Filter>
		<Filter Include="addons\ofxXmlSettings">
			<UniqueIdentifier>{877F005D-13E6-0592-1D97-F2E3}</UniqueIdentifier>
		</Filter>
		<Filter Include="addons\ofxXmlSettings\src">
			<UniqueIdentifier>{CCB2AC63-49D2-977C-CFE8-AEAD}</UniqueIdentifier>
		</Filter>
		<Filter Include="addons\ofxXmlSettings\libs">
			<UniqueIdentifier>{687714A8-1662-FA1C-261F-50F0}</UniqueIdentifier>
		</Filter>
	</ItemGroup>
	<ItemGroup>
		<ClInclude Include="src\ofApp.h">
			<Filter>src</Filter>
		</ClInclude>
		<ClInclude Include="src\ofApp.h">
			<Filter>src</Filter>
		</ClInclude>
		<ClInclude Include="..\..\..\addons\ofxColourLoversHelper\src\ofxColourLoversHelper.h">
			<Filter>addons\ofxColourLoversHelper\src</Filter>
		</ClInclude>
		<ClInclude Include="..\..\..\addons\ofxColourLoversHelper\libs\ofxColourLovers\src\ColourCallTypes.h">
			<Filter>addons\ofxColourLoversHelper\libs\ofxColourLovers\src</Filter>
		</ClInclude>
		<ClInclude Include="..\..\..\addons\ofxColourLoversHelper\libs\ofxColourLovers\src\ColourLoveEvent.h">
			<Filter>addons\ofxColourLoversHelper\libs\ofxColourLovers\src</Filter>
		</ClInclude>
		<ClInclude Include="..\..\..\addons\ofxColourLoversHelper\libs\ofxColourLovers\src\ColourLovePalette.h">
			<Filter>addons\ofxColourLoversHelper\libs\ofxColourLovers\src</Filter>
		</ClInclude>
		<ClInclude Include="..\..\..\addons\ofxColourLoversHelper\libs\ofxColourLovers\src\ofxColourLovers.h">
			<Filter>addons\ofxColourLoversHelper\libs\ofxColourLovers\src</Filter>
		</ClInclude>
		<ClInclude Include="..\..\..\addons\ofxColourLoversHelper\libs\ofxHttpUtils\src\ofxHttpTypes.h">
			<Filter>addons\ofxColourLoversHelper\libs\ofxHttpUtils\src</Filter>
		</ClInclude>
		<ClInclude Include="..\..\..\addons\ofxColourLoversHelper\libs\ofxHttpUtils\src\ofxHttpUtils.h">
			<Filter>addons\ofxColourLoversHelper\libs\ofxHttpUtils\src</Filter>
		</ClInclude>
		<ClInclude Include="..\..\..\addons\ofxColourLoversHelper\libs\ofxUI\src\ofxUI.h">
			<Filter>addons\ofxColourLoversHelper\libs\ofxUI\src</Filter>
		</ClInclude>
		<ClInclude Include="..\..\..\addons\ofxColourLoversHelper\libs\ofxUI\src\ofxUI2DGraph.h">
			<Filter>addons\ofxColourLoversHelper\libs\ofxUI\src</Filter>
		</ClInclude>
		<ClInclude Include="..\..\..\addons\ofxColourLoversHelper\libs\ofxUI\src\ofxUI2DPad.h">
			<Filter>addons\ofxColourLoversHelper\libs\ofxUI\src</Filter>
		</ClInclude>
		<ClInclude Include="..\..\..\addons\ofxColourLoversHelper\libs\ofxUI\src\ofxUIBaseDraws.h">
			<Filter>addons\ofxColourLoversHelper\libs\ofxUI\src</Filter>
		</ClInclude>
		<ClInclude Include="..\..\..\addons\ofxColourLoversHelper\libs\ofxUI\src\ofxUIBiLabelSlider.h">
			<Filter>addons\ofxColourLoversHelper\libs\ofxUI\src</Filter>
		</ClInclude>
		<ClInclude Include="..\..\..\addons\ofxColourLoversHelper\libs\ofxUI\src\ofxUIButton.h">
			<Filter>addons\ofxColourLoversHelper\libs\ofxUI\src</Filter>
		</ClInclude>
		<ClInclude Include="..\..\..\addons\ofxColourLoversHelper\libs\ofxUI\src\ofxUICanvas.h">
			<Filter>addons\ofxColourLoversHelper\libs\ofxUI\src</Filter>
		</ClInclude>
		<ClInclude Include="..\..\..\addons\ofxColourLoversHelper\libs\ofxUI\src\ofxUICircleSlider.h">
			<Filter>addons\ofxColourLoversHelper\libs\ofxUI\src</Filter>
		</ClInclude>
		<ClInclude Include="..\..\..\addons\ofxColourLoversHelper\libs\ofxUI\src\ofxUIDefines.h">
			<Filter>addons\ofxColourLoversHelper\libs\ofxUI\src</Filter>
		</ClInclude>
		<ClInclude Include="..\..\..\addons\ofxColourLoversHelper\libs\ofxUI\src\ofxUIDragableLabelButton.h">
			<Filter>addons\ofxColourLoversHelper\libs\ofxUI\src</Filter>
		</ClInclude>
		<ClInclude Include="..\..\..\addons\ofxColourLoversHelper\libs\ofxUI\src\ofxUIDropDownList.h">
			<Filter>addons\ofxColourLoversHelper\libs\ofxUI\src</Filter>
		</ClInclude>
		<ClInclude Include="..\..\..\addons\ofxColourLoversHelper\libs\ofxUI\src\ofxUIEventArgs.h">
			<Filter>addons\ofxColourLoversHelper\libs\ofxUI\src</Filter>
		</ClInclude>
		<ClInclude Include="..\..\..\addons\ofxColourLoversHelper\libs\ofxUI\src\ofxUIFPS.h">
			<Filter>addons\ofxColourLoversHelper\libs\ofxUI\src</Filter>
		</ClInclude>
		<ClInclude Include="..\..\..\addons\ofxColourLoversHelper\libs\ofxUI\src\ofxUIFPSSlider.h">
			<Filter>addons\ofxColourLoversHelper\libs\ofxUI\src</Filter>
		</ClInclude>
		<ClInclude Include="..\..\..\addons\ofxColourLoversHelper\libs\ofxUI\src\ofxUIImage.h">
			<Filter>addons\ofxColourLoversHelper\libs\ofxUI\src</Filter>
		</ClInclude>
		<ClInclude Include="..\..\..\addons\ofxColourLoversHelper\libs\ofxUI\src\ofxUIImageButton.h">
			<Filter>addons\ofxColourLoversHelper\libs\ofxUI\src</Filter>
		</ClInclude>
		<ClInclude Include="..\..\..\addons\ofxColourLoversHelper\libs\ofxUI\src\ofxUIImageSampler.h">
			<Filter>addons\ofxColourLoversHelper\libs\ofxUI\src</Filter>
		</ClInclude>
		<ClInclude Include="..\..\..\addons\ofxColourLoversHelper\libs\ofxUI\src\ofxUIImageSlider.h">
			<Filter>addons\ofxColourLoversHelper\libs\ofxUI\src</Filter>
		</ClInclude>
		<ClInclude Include="..\..\..\addons\ofxColourLoversHelper\libs\ofxUI\src\ofxUIImageToggle.h">
			<Filter>addons\ofxColourLoversHelper\libs\ofxUI\src</Filter>
		</ClInclude>
		<ClInclude Include="..\..\..\addons\ofxColourLoversHelper\libs\ofxUI\src\ofxUILabel.h">
			<Filter>addons\ofxColourLoversHelper\libs\ofxUI\src</Filter>
		</ClInclude>
		<ClInclude Include="..\..\..\addons\ofxColourLoversHelper\libs\ofxUI\src\ofxUILabelButton.h">
			<Filter>addons\ofxColourLoversHelper\libs\ofxUI\src</Filter>
		</ClInclude>
		<ClInclude Include="..\..\..\addons\ofxColourLoversHelper\libs\ofxUI\src\ofxUILabelToggle.h">
			<Filter>addons\ofxColourLoversHelper\libs\ofxUI\src</Filter>
		</ClInclude>
		<ClInclude Include="..\..\..\addons\ofxColourLoversHelper\libs\ofxUI\src\ofxUIMinimalSlider.h">
			<Filter>addons\ofxColourLoversHelper\libs\ofxUI\src</Filter>
		</ClInclude>
		<ClInclude Include="..\..\..\addons\ofxColourLoversHelper\libs\ofxUI\src\ofxUIMovingGraph.h">
			<Filter>addons\ofxColourLoversHelper\libs\ofxUI\src</Filter>
		</ClInclude>
		<ClInclude Include="..\..\..\addons\ofxColourLoversHelper\libs\ofxUI\src\ofxUIMultiImageButton.h">
			<Filter>addons\ofxColourLoversHelper\libs\ofxUI\src</Filter>
		</ClInclude>
		<ClInclude Include="..\..\..\addons\ofxColourLoversHelper\libs\ofxUI\src\ofxUIMultiImageToggle.h">
			<Filter>addons\ofxColourLoversHelper\libs\ofxUI\src</Filter>
		</ClInclude>
		<ClInclude Include="..\..\..\addons\ofxColourLoversHelper\libs\ofxUI\src\ofxUINumberDialer.h">
			<Filter>addons\ofxColourLoversHelper\libs\ofxUI\src</Filter>
		</ClInclude>
		<ClInclude Include="..\..\..\addons\ofxColourLoversHelper\libs\ofxUI\src\ofxUIOFWrapper.h">
			<Filter>addons\ofxColourLoversHelper\libs\ofxUI\src</Filter>
		</ClInclude>
		<ClInclude Include="..\..\..\addons\ofxColourLoversHelper\libs\ofxUI\src\ofxUIRadio.h">
			<Filter>addons\ofxColourLoversHelper\libs\ofxUI\src</Filter>
		</ClInclude>
		<ClInclude Include="..\..\..\addons\ofxColourLoversHelper\libs\ofxUI\src\ofxUIRangeSlider.h">
			<Filter>addons\ofxColourLoversHelper\libs\ofxUI\src</Filter>
		</ClInclude>
		<ClInclude Include="..\..\..\addons\ofxColourLoversHelper\libs\ofxUI\src\ofxUIRectangle.h">
			<Filter>addons\ofxColourLoversHelper\libs\ofxUI\src</Filter>
		</ClInclude>
		<ClInclude Include="..\..\..\addons\ofxColourLoversHelper\libs\ofxUI\src\ofxUIRotarySlider.h">
			<Filter>addons\ofxColourLoversHelper\libs\ofxUI\src</Filter>
		</ClInclude>
		<ClInclude Include="..\..\..\addons\ofxColourLoversHelper\libs\ofxUI\src\ofxUIScrollableCanvas.h">
			<Filter>addons\ofxColourLoversHelper\libs\ofxUI\src</Filter>
		</ClInclude>
		<ClInclude Include="..\..\..\addons\ofxColourLoversHelper\libs\ofxUI\src\ofxUISlider.h">
			<Filter>addons\ofxColourLoversHelper\libs\ofxUI\src</Filter>
		</ClInclude>
		<ClInclude Include="..\..\..\addons\ofxColourLoversHelper\libs\ofxUI\src\ofxUISortableList.h">
			<Filter>addons\ofxColourLoversHelper\libs\ofxUI\src</Filter>
		</ClInclude>
		<ClInclude Include="..\..\..\addons\ofxColourLoversHelper\libs\ofxUI\src\ofxUISpacer.h">
			<Filter>addons\ofxColourLoversHelper\libs\ofxUI\src</Filter>
		</ClInclude>
		<ClInclude Include="..\..\..\addons\ofxColourLoversHelper\libs\ofxUI\src\ofxUISpectrum.h">
			<Filter>addons\ofxColourLoversHelper\libs\ofxUI\src</Filter>
		</ClInclude>
		<ClInclude Include="..\..\..\addons\ofxColourLoversHelper\libs\ofxUI\src\ofxUISuperCanvas.h">
			<Filter>addons\ofxColourLoversHelper\libs\ofxUI\src</Filter>
		</ClInclude>
		<ClInclude Include="..\..\..\addons\ofxColourLoversHelper\libs\ofxUI\src\ofxUITabBar.h">
			<Filter>addons\ofxColourLoversHelper\libs\ofxUI\src</Filter>
		</ClInclude>
		<ClInclude Include="..\..\..\addons\ofxColourLoversHelper\libs\ofxUI\src\ofxUITextArea.h">
			<Filter>addons\ofxColourLoversHelper\libs\ofxUI\src</Filter>
		</ClInclude>
		<ClInclude Include="..\..\..\addons\ofxColourLoversHelper\libs\ofxUI\src\ofxUITextInput.h">
			<Filter>addons\ofxColourLoversHelper\libs\ofxUI\src</Filter>
		</ClInclude>
		<ClInclude Include="..\..\..\addons\ofxColourLoversHelper\libs\ofxUI\src\ofxUIToggle.h">
			<Filter>addons\ofxColourLoversHelper\libs\ofxUI\src</Filter>
		</ClInclude>
		<ClInclude Include="..\..\..\addons\ofxColourLoversHelper\libs\ofxUI\src\ofxUIToggleMatrix.h">
			<Filter>addons\ofxColourLoversHelper\libs\ofxUI\src</Filter>
		</ClInclude>
		<ClInclude Include="..\..\..\addons\ofxColourLoversHelper\libs\ofxUI\src\ofxUIUtils.h">
			<Filter>addons\ofxColourLoversHelper\libs\ofxUI\src</Filter>
		</ClInclude>
		<ClInclude Include="..\..\..\addons\ofxColourLoversHelper\libs\ofxUI\src\ofxUIValuePlotter.h">
			<Filter>addons\ofxColourLoversHelper\libs\ofxUI\src</Filter>
		</ClInclude>
		<ClInclude Include="..\..\..\addons\ofxColourLoversHelper\libs\ofxUI\src\ofxUIWaveform.h">
			<Filter>addons\ofxColourLoversHelper\libs\ofxUI\src</Filter>
		</ClInclude>
		<ClInclude Include="..\..\..\addons\ofxColourLoversHelper\libs\ofxUI\src\ofxUIWidget.h">
			<Filter>addons\ofxColourLoversHelper\libs\ofxUI\src</Filter>
		</ClInclude>
		<ClInclude Include="..\..\..\addons\ofxColourLoversHelper\libs\ofxUI\src\ofxUIWidgets.h">
			<Filter>addons\ofxColourLoversHelper\libs\ofxUI\src</Filter>
		</ClInclude>
		<ClInclude Include="..\..\..\addons\ofxColourLoversHelper\libs\ofxUI\src\ofxUIWidgetWithLabel.h">
			<Filter>addons\ofxColourLoversHelper\libs\ofxUI\src</Filter>
		</ClInclude>
		<ClInclude Include="..\..\..\addons\ofxColourLoversHelper\libs\ofxUI\src\ofxUIWrapper.h">
			<Filter>addons\ofxColourLoversHelper\libs\ofxUI\src</Filter>
		</ClInclude>
		<ClInclude Include="..\..\..\addons\ofxPoco\src\ofxXmlPoco.h">
			<Filter>addons\ofxPoco\src</Filter>
		</ClInclude>
		<ClInclude Include="..\..\..\addons\ofxPoco\libs\openssl\include\openssl\aes.h">
			<Filter>addons\ofxPoco\libs\openssl\include\openssl</Filter>
		</ClInclude>
		<ClInclude Include="..\..\..\addons\ofxPoco\libs\openssl\include\openssl\asn1.h">
			<Filter>addons\ofxPoco\libs\openssl\include\openssl</Filter>
		</ClInclude>
		<ClInclude Include="..\..\..\addons\ofxPoco\libs\openssl\include\openssl\asn1t.h">
			<Filter>addons\ofxPoco\libs\openssl\include\openssl</Filter>
		</ClInclude>
		<ClInclude Include="..\..\..\addons\ofxPoco\libs\openssl\include\openssl\asn1_mac.h">
			<Filter>addons\ofxPoco\libs\openssl\include\openssl</Filter>
		</ClInclude>
		<ClInclude Include="..\..\..\addons\ofxPoco\libs\openssl\include\openssl\async.h">
			<Filter>addons\ofxPoco\libs\openssl\include\openssl</Filter>
		</ClInclude>
		<ClInclude Include="..\..\..\addons\ofxPoco\libs\openssl\include\openssl\bio.h">
			<Filter>addons\ofxPoco\libs\openssl\include\openssl</Filter>
		</ClInclude>
		<ClInclude Include="..\..\..\addons\ofxPoco\libs\openssl\include\openssl\blowfish.h">
			<Filter>addons\ofxPoco\libs\openssl\include\openssl</Filter>
		</ClInclude>
		<ClInclude Include="..\..\..\addons\ofxPoco\libs\openssl\include\openssl\bn.h">
			<Filter>addons\ofxPoco\libs\openssl\include\openssl</Filter>
		</ClInclude>
		<ClInclude Include="..\..\..\addons\ofxPoco\libs\openssl\include\openssl\buffer.h">
			<Filter>addons\ofxPoco\libs\openssl\include\openssl</Filter>
		</ClInclude>
		<ClInclude Include="..\..\..\addons\ofxPoco\libs\openssl\include\openssl\camellia.h">
			<Filter>addons\ofxPoco\libs\openssl\include\openssl</Filter>
		</ClInclude>
		<ClInclude Include="..\..\..\addons\ofxPoco\libs\openssl\include\openssl\cast.h">
			<Filter>addons\ofxPoco\libs\openssl\include\openssl</Filter>
		</ClInclude>
		<ClInclude Include="..\..\..\addons\ofxPoco\libs\openssl\include\openssl\cmac.h">
			<Filter>addons\ofxPoco\libs\openssl\include\openssl</Filter>
		</ClInclude>
		<ClInclude Include="..\..\..\addons\ofxPoco\libs\openssl\include\openssl\cms.h">
			<Filter>addons\ofxPoco\libs\openssl\include\openssl</Filter>
		</ClInclude>
		<ClInclude Include="..\..\..\addons\ofxPoco\libs\openssl\include\openssl\comp.h">
			<Filter>addons\ofxPoco\libs\openssl\include\openssl</Filter>
		</ClInclude>
		<ClInclude Include="..\..\..\addons\ofxPoco\libs\openssl\include\openssl\conf.h">
			<Filter>addons\ofxPoco\libs\openssl\include\openssl</Filter>
		</ClInclude>
		<ClInclude Include="..\..\..\addons\ofxPoco\libs\openssl\include\openssl\conf_api.h">
			<Filter>addons\ofxPoco\libs\openssl\include\openssl</Filter>
		</ClInclude>
		<ClInclude Include="..\..\..\addons\ofxPoco\libs\openssl\include\openssl\crypto.h">
			<Filter>addons\ofxPoco\libs\openssl\include\openssl</Filter>
		</ClInclude>
		<ClInclude Include="..\..\..\addons\ofxPoco\libs\openssl\include\openssl\ct.h">
			<Filter>addons\ofxPoco\libs\openssl\include\openssl</Filter>
		</ClInclude>
		<ClInclude Include="..\..\..\addons\ofxPoco\libs\openssl\include\openssl\des.h">
			<Filter>addons\ofxPoco\libs\openssl\include\openssl</Filter>
		</ClInclude>
		<ClInclude Include="..\..\..\addons\ofxPoco\libs\openssl\include\openssl\dh.h">
			<Filter>addons\ofxPoco\libs\openssl\include\openssl</Filter>
		</ClInclude>
		<ClInclude Include="..\..\..\addons\ofxPoco\libs\openssl\include\openssl\dsa.h">
			<Filter>addons\ofxPoco\libs\openssl\include\openssl</Filter>
		</ClInclude>
		<ClInclude Include="..\..\..\addons\ofxPoco\libs\openssl\include\openssl\dtls1.h">
			<Filter>addons\ofxPoco\libs\openssl\include\openssl</Filter>
		</ClInclude>
		<ClInclude Include="..\..\..\addons\ofxPoco\libs\openssl\include\openssl\ebcdic.h">
			<Filter>addons\ofxPoco\libs\openssl\include\openssl</Filter>
		</ClInclude>
		<ClInclude Include="..\..\..\addons\ofxPoco\libs\openssl\include\openssl\ec.h">
			<Filter>addons\ofxPoco\libs\openssl\include\openssl</Filter>
		</ClInclude>
		<ClInclude Include="..\..\..\addons\ofxPoco\libs\openssl\include\openssl\ecdh.h">
			<Filter>addons\ofxPoco\libs\openssl\include\openssl</Filter>
		</ClInclude>
		<ClInclude Include="..\..\..\addons\ofxPoco\libs\openssl\include\openssl\ecdsa.h">
			<Filter>addons\ofxPoco\libs\openssl\include\openssl</Filter>
		</ClInclude>
		<ClInclude Include="..\..\..\addons\ofxPoco\libs\openssl\include\openssl\engine.h">
			<Filter>addons\ofxPoco\libs\openssl\include\openssl</Filter>
		</ClInclude>
		<ClInclude Include="..\..\..\addons\ofxPoco\libs\openssl\include\openssl\err.h">
			<Filter>addons\ofxPoco\libs\openssl\include\openssl</Filter>
		</ClInclude>
		<ClInclude Include="..\..\..\addons\ofxPoco\libs\openssl\include\openssl\evp.h">
			<Filter>addons\ofxPoco\libs\openssl\include\openssl</Filter>
		</ClInclude>
		<ClInclude Include="..\..\..\addons\ofxPoco\libs\openssl\include\openssl\e_os2.h">
			<Filter>addons\ofxPoco\libs\openssl\include\openssl</Filter>
		</ClInclude>
		<ClInclude Include="..\..\..\addons\ofxPoco\libs\openssl\include\openssl\hmac.h">
			<Filter>addons\ofxPoco\libs\openssl\include\openssl</Filter>
		</ClInclude>
		<ClInclude Include="..\..\..\addons\ofxPoco\libs\openssl\include\openssl\idea.h">
			<Filter>addons\ofxPoco\libs\openssl\include\openssl</Filter>
		</ClInclude>
		<ClInclude Include="..\..\..\addons\ofxPoco\libs\openssl\include\openssl\kdf.h">
			<Filter>addons\ofxPoco\libs\openssl\include\openssl</Filter>
		</ClInclude>
		<ClInclude Include="..\..\..\addons\ofxPoco\libs\openssl\include\openssl\lhash.h">
			<Filter>addons\ofxPoco\libs\openssl\include\openssl</Filter>
		</ClInclude>
		<ClInclude Include="..\..\..\addons\ofxPoco\libs\openssl\include\openssl\md2.h">
			<Filter>addons\ofxPoco\libs\openssl\include\openssl</Filter>
		</ClInclude>
		<ClInclude Include="..\..\..\addons\ofxPoco\libs\openssl\include\openssl\md4.h">
			<Filter>addons\ofxPoco\libs\openssl\include\openssl</Filter>
		</ClInclude>
		<ClInclude Include="..\..\..\addons\ofxPoco\libs\openssl\include\openssl\md5.h">
			<Filter>addons\ofxPoco\libs\openssl\include\openssl</Filter>
		</ClInclude>
		<ClInclude Include="..\..\..\addons\ofxPoco\libs\openssl\include\openssl\mdc2.h">
			<Filter>addons\ofxPoco\libs\openssl\include\openssl</Filter>
		</ClInclude>
		<ClInclude Include="..\..\..\addons\ofxPoco\libs\openssl\include\openssl\modes.h">
			<Filter>addons\ofxPoco\libs\openssl\include\openssl</Filter>
		</ClInclude>
		<ClInclude Include="..\..\..\addons\ofxPoco\libs\openssl\include\openssl\objects.h">
			<Filter>addons\ofxPoco\libs\openssl\include\openssl</Filter>
		</ClInclude>
		<ClInclude Include="..\..\..\addons\ofxPoco\libs\openssl\include\openssl\obj_mac.h">
			<Filter>addons\ofxPoco\libs\openssl\include\openssl</Filter>
		</ClInclude>
		<ClInclude Include="..\..\..\addons\ofxPoco\libs\openssl\include\openssl\ocsp.h">
			<Filter>addons\ofxPoco\libs\openssl\include\openssl</Filter>
		</ClInclude>
		<ClInclude Include="..\..\..\addons\ofxPoco\libs\openssl\include\openssl\opensslconf.h">
			<Filter>addons\ofxPoco\libs\openssl\include\openssl</Filter>
		</ClInclude>
		<ClInclude Include="..\..\..\addons\ofxPoco\libs\openssl\include\openssl\opensslconf_osx.h">
			<Filter>addons\ofxPoco\libs\openssl\include\openssl</Filter>
		</ClInclude>
		<ClInclude Include="..\..\..\addons\ofxPoco\libs\openssl\include\openssl\opensslv.h">
			<Filter>addons\ofxPoco\libs\openssl\include\openssl</Filter>
		</ClInclude>
		<ClInclude Include="..\..\..\addons\ofxPoco\libs\openssl\include\openssl\ossl_typ.h">
			<Filter>addons\ofxPoco\libs\openssl\include\openssl</Filter>
		</ClInclude>
		<ClInclude Include="..\..\..\addons\ofxPoco\libs\openssl\include\openssl\pem.h">
			<Filter>addons\ofxPoco\libs\openssl\include\openssl</Filter>
		</ClInclude>
		<ClInclude Include="..\..\..\addons\ofxPoco\libs\openssl\include\openssl\pem2.h">
			<Filter>addons\ofxPoco\libs\openssl\include\openssl</Filter>
		</ClInclude>
		<ClInclude Include="..\..\..\addons\ofxPoco\libs\openssl\include\openssl\pkcs12.h">
			<Filter>addons\ofxPoco\libs\openssl\include\openssl</Filter>
		</ClInclude>
		<ClInclude Include="..\..\..\addons\ofxPoco\libs\openssl\include\openssl\pkcs7.h">
			<Filter>addons\ofxPoco\libs\openssl\include\openssl</Filter>
		</ClInclude>
		<ClInclude Include="..\..\..\addons\ofxPoco\libs\openssl\include\openssl\rand.h">
			<Filter>addons\ofxPoco\libs\openssl\include\openssl</Filter>
		</ClInclude>
		<ClInclude Include="..\..\..\addons\ofxPoco\libs\openssl\include\openssl\rc2.h">
			<Filter>addons\ofxPoco\libs\openssl\include\openssl</Filter>
		</ClInclude>
		<ClInclude Include="..\..\..\addons\ofxPoco\libs\openssl\include\openssl\rc4.h">
			<Filter>addons\ofxPoco\libs\openssl\include\openssl</Filter>
		</ClInclude>
		<ClInclude Include="..\..\..\addons\ofxPoco\libs\openssl\include\openssl\rc5.h">
			<Filter>addons\ofxPoco\libs\openssl\include\openssl</Filter>
		</ClInclude>
		<ClInclude Include="..\..\..\addons\ofxPoco\libs\openssl\include\openssl\ripemd.h">
			<Filter>addons\ofxPoco\libs\openssl\include\openssl</Filter>
		</ClInclude>
		<ClInclude Include="..\..\..\addons\ofxPoco\libs\openssl\include\openssl\rsa.h">
			<Filter>addons\ofxPoco\libs\openssl\include\openssl</Filter>
		</ClInclude>
		<ClInclude Include="..\..\..\addons\ofxPoco\libs\openssl\include\openssl\safestack.h">
			<Filter>addons\ofxPoco\libs\openssl\include\openssl</Filter>
		</ClInclude>
		<ClInclude Include="..\..\..\addons\ofxPoco\libs\openssl\include\openssl\seed.h">
			<Filter>addons\ofxPoco\libs\openssl\include\openssl</Filter>
		</ClInclude>
		<ClInclude Include="..\..\..\addons\ofxPoco\libs\openssl\include\openssl\sha.h">
			<Filter>addons\ofxPoco\libs\openssl\include\openssl</Filter>
		</ClInclude>
		<ClInclude Include="..\..\..\addons\ofxPoco\libs\openssl\include\openssl\srp.h">
			<Filter>addons\ofxPoco\libs\openssl\include\openssl</Filter>
		</ClInclude>
		<ClInclude Include="..\..\..\addons\ofxPoco\libs\openssl\include\openssl\srtp.h">
			<Filter>addons\ofxPoco\libs\openssl\include\openssl</Filter>
		</ClInclude>
		<ClInclude Include="..\..\..\addons\ofxPoco\libs\openssl\include\openssl\ssl.h">
			<Filter>addons\ofxPoco\libs\openssl\include\openssl</Filter>
		</ClInclude>
		<ClInclude Include="..\..\..\addons\ofxPoco\libs\openssl\include\openssl\ssl2.h">
			<Filter>addons\ofxPoco\libs\openssl\include\openssl</Filter>
		</ClInclude>
		<ClInclude Include="..\..\..\addons\ofxPoco\libs\openssl\include\openssl\ssl3.h">
			<Filter>addons\ofxPoco\libs\openssl\include\openssl</Filter>
		</ClInclude>
		<ClInclude Include="..\..\..\addons\ofxPoco\libs\openssl\include\openssl\stack.h">
			<Filter>addons\ofxPoco\libs\openssl\include\openssl</Filter>
		</ClInclude>
		<ClInclude Include="..\..\..\addons\ofxPoco\libs\openssl\include\openssl\symhacks.h">
			<Filter>addons\ofxPoco\libs\openssl\include\openssl</Filter>
		</ClInclude>
		<ClInclude Include="..\..\..\addons\ofxPoco\libs\openssl\include\openssl\tls1.h">
			<Filter>addons\ofxPoco\libs\openssl\include\openssl</Filter>
		</ClInclude>
		<ClInclude Include="..\..\..\addons\ofxPoco\libs\openssl\include\openssl\ts.h">
			<Filter>addons\ofxPoco\libs\openssl\include\openssl</Filter>
		</ClInclude>
		<ClInclude Include="..\..\..\addons\ofxPoco\libs\openssl\include\openssl\txt_db.h">
			<Filter>addons\ofxPoco\libs\openssl\include\openssl</Filter>
		</ClInclude>
		<ClInclude Include="..\..\..\addons\ofxPoco\libs\openssl\include\openssl\ui.h">
			<Filter>addons\ofxPoco\libs\openssl\include\openssl</Filter>
		</ClInclude>
		<ClInclude Include="..\..\..\addons\ofxPoco\libs\openssl\include\openssl\whrlpool.h">
			<Filter>addons\ofxPoco\libs\openssl\include\openssl</Filter>
		</ClInclude>
		<ClInclude Include="..\..\..\addons\ofxPoco\libs\openssl\include\openssl\x509.h">
			<Filter>addons\ofxPoco\libs\openssl\include\openssl</Filter>
		</ClInclude>
		<ClInclude Include="..\..\..\addons\ofxPoco\libs\openssl\include\openssl\x509v3.h">
			<Filter>addons\ofxPoco\libs\openssl\include\openssl</Filter>
		</ClInclude>
		<ClInclude Include="..\..\..\addons\ofxPoco\libs\openssl\include\openssl\x509_vfy.h">
			<Filter>addons\ofxPoco\libs\openssl\include\openssl</Filter>
		</ClInclude>
		<ClInclude Include="..\..\..\addons\ofxXmlSettings\src\ofxXmlSettings.h">
			<Filter>addons\ofxXmlSettings\src</Filter>
		</ClInclude>
		<ClInclude Include="..\..\..\addons\ofxXmlSettings\libs\tinyxml.h">
			<Filter>addons\ofxXmlSettings\libs</Filter>
		</ClInclude>
	</ItemGroup>
	<ItemGroup>
		<ResourceCompile Include="icon.rc" />
	</ItemGroup>
</Project>
